# THIS IS AN AUTOGENERATED FILE. DO NOT EDIT THIS FILE DIRECTLY.
# yarn lockfile v1


core-js@^3.8.0:
  version "3.16.2"
  resolved "https://registry.yarnpkg.com/core-js/-/core-js-3.16.2.tgz#3f485822889c7fc48ef463e35be5cc2a4a01a1f4"
  integrity sha512-P0KPukO6OjMpjBtHSceAZEWlDD1M2Cpzpg6dBbrjFqFhBHe/BwhxaP820xKOjRn/lZRQirrCusIpLS/n2sgXLQ==

lodash@^4.17.20:
  version "4.17.21"
  resolved "https://registry.yarnpkg.com/lodash/-/lodash-4.17.21.tgz#679591c564c3bffaae8454cf0b3df370c3d6911c"
  integrity sha512-v2kDEe57lecTulaDIuNTPy3Ry4gLGJ6Z1O3vE1krgXZNrsQ+LFTGHVxVjcXPs17LhbZVGedAJv8XZ1tvj5FvSg==

seamless-scroll-polyfill@^1.2.3:
  version "1.2.4"
  resolved "https://registry.yarnpkg.com/seamless-scroll-polyfill/-/seamless-scroll-polyfill-1.2.4.tgz#0b701a223f6992786b527b837cc132852ebe232f"
  integrity sha512-1CwHvQRS88m/HwN76hnjFu9dzU2HUJmGbvUkKMoRq70o6Pd1DcD4aGvsku0OqRhUuFKQOsjm0Imo1cC/PWWOfA==

vue-snap@^1.0.0-alpha.5:
  version "1.0.0-alpha.5"
  resolved "https://registry.yarnpkg.com/vue-snap/-/vue-snap-1.0.0-alpha.5.tgz#d6f5e32f8b77a732b52f35f68bf7843eb6bd9101"
  integrity sha512-nh5CwpoP5PeZZfW6npK8h4ExZvHZH5sIj6rxCMSjfoq6PbT7HPD2FYtTwXLmf+a8xkAUmYNZFJZSkRtGl52RPA==
  dependencies:
    core-js "^3.8.0"
    lodash "^4.17.20"
    seamless-scroll-polyfill "^1.2.3"
